// !$*UTF8*$!
{
	archiveVersion = 1;
	classes = {
	};
	objectVersion = 56;
	objects = {

/* Begin PBXBuildFile section */
		84ED55D12AAA3520001FE4EF /* AppDelegate.swift in Sources */ = {isa = PBXBuildFile; fileRef = 84ED55D02AAA3520001FE4EF /* AppDelegate.swift */; };
		84ED55D32AAA3520001FE4EF /* SceneDelegate.swift in Sources */ = {isa = PBXBuildFile; fileRef = 84ED55D22AAA3520001FE4EF /* SceneDelegate.swift */; };
		84ED55D52AAA3520001FE4EF /* PhotoGalleryViewController.swift in Sources */ = {isa = PBXBuildFile; fileRef = 84ED55D42AAA3520001FE4EF /* PhotoGalleryViewController.swift */; };
		84ED55DA2AAA3521001FE4EF /* Assets.xcassets in Resources */ = {isa = PBXBuildFile; fileRef = 84ED55D92AAA3521001FE4EF /* Assets.xcassets */; };
		84ED55E52AAA356E001FE4EF /* AppCoordinator.swift in Sources */ = {isa = PBXBuildFile; fileRef = 84ED55E42AAA356E001FE4EF /* AppCoordinator.swift */; };
		84ED55E72AAA36AE001FE4EF /* PhotoGalleryCoordinator.swift in Sources */ = {isa = PBXBuildFile; fileRef = 84ED55E62AAA36AE001FE4EF /* PhotoGalleryCoordinator.swift */; };
		84ED55E92AAA3B3E001FE4EF /* PhotoGalleryViewModel.swift in Sources */ = {isa = PBXBuildFile; fileRef = 84ED55E82AAA3B3E001FE4EF /* PhotoGalleryViewModel.swift */; };
		84ED55EB2AAA3B7F001FE4EF /* NetworkService.swift in Sources */ = {isa = PBXBuildFile; fileRef = 84ED55EA2AAA3B7F001FE4EF /* NetworkService.swift */; };
		84ED55ED2AAA3C2F001FE4EF /* PhotoModel.swift in Sources */ = {isa = PBXBuildFile; fileRef = 84ED55EC2AAA3C2F001FE4EF /* PhotoModel.swift */; };
		84ED55F12AAA48C4001FE4EF /* Observable.swift in Sources */ = {isa = PBXBuildFile; fileRef = 84ED55F02AAA48C4001FE4EF /* Observable.swift */; };
		84ED55F32AAA54FC001FE4EF /* PhotoCollectionViewCell.swift in Sources */ = {isa = PBXBuildFile; fileRef = 84ED55F22AAA54FC001FE4EF /* PhotoCollectionViewCell.swift */; };
		84ED55F62AAA55A7001FE4EF /* SnapKit in Frameworks */ = {isa = PBXBuildFile; productRef = 84ED55F52AAA55A7001FE4EF /* SnapKit */; };
		84ED55FE2AAA7D56001FE4EF /* PhotoBrowseViewController.swift in Sources */ = {isa = PBXBuildFile; fileRef = 84ED55FD2AAA7D56001FE4EF /* PhotoBrowseViewController.swift */; };
		84ED56002AAA7DAF001FE4EF /* PhotoBrowseViewModel.swift in Sources */ = {isa = PBXBuildFile; fileRef = 84ED55FF2AAA7DAF001FE4EF /* PhotoBrowseViewModel.swift */; };
		84ED56042AAA7F9F001FE4EF /* PhotoBrowseCoordinator.swift in Sources */ = {isa = PBXBuildFile; fileRef = 84ED56032AAA7F9F001FE4EF /* PhotoBrowseCoordinator.swift */; };
/* End PBXBuildFile section */

/* Begin PBXFileReference section */
		84ED55CD2AAA3520001FE4EF /* PhotoViewer.app */ = {isa = PBXFileReference; explicitFileType = wrapper.application; includeInIndex = 0; path = PhotoViewer.app; sourceTree = BUILT_PRODUCTS_DIR; };
		84ED55D02AAA3520001FE4EF /* AppDelegate.swift */ = {isa = PBXFileReference; lastKnownFileType = sourcecode.swift; path = AppDelegate.swift; sourceTree = "<group>"; };
		84ED55D22AAA3520001FE4EF /* SceneDelegate.swift */ = {isa = PBXFileReference; lastKnownFileType = sourcecode.swift; path = SceneDelegate.swift; sourceTree = "<group>"; };
		84ED55D42AAA3520001FE4EF /* PhotoGalleryViewController.swift */ = {isa = PBXFileReference; lastKnownFileType = sourcecode.swift; path = PhotoGalleryViewController.swift; sourceTree = "<group>"; };
		84ED55D92AAA3521001FE4EF /* Assets.xcassets */ = {isa = PBXFileReference; lastKnownFileType = folder.assetcatalog; path = Assets.xcassets; sourceTree = "<group>"; };
		84ED55DE2AAA3521001FE4EF /* Info.plist */ = {isa = PBXFileReference; lastKnownFileType = text.plist.xml; path = Info.plist; sourceTree = "<group>"; };
		84ED55E42AAA356E001FE4EF /* AppCoordinator.swift */ = {isa = PBXFileReference; lastKnownFileType = sourcecode.swift; path = AppCoordinator.swift; sourceTree = "<group>"; };
		84ED55E62AAA36AE001FE4EF /* PhotoGalleryCoordinator.swift */ = {isa = PBXFileReference; lastKnownFileType = sourcecode.swift; path = PhotoGalleryCoordinator.swift; sourceTree = "<group>"; };
		84ED55E82AAA3B3E001FE4EF /* PhotoGalleryViewModel.swift */ = {isa = PBXFileReference; lastKnownFileType = sourcecode.swift; path = PhotoGalleryViewModel.swift; sourceTree = "<group>"; };
		84ED55EA2AAA3B7F001FE4EF /* NetworkService.swift */ = {isa = PBXFileReference; lastKnownFileType = sourcecode.swift; path = NetworkService.swift; sourceTree = "<group>"; };
		84ED55EC2AAA3C2F001FE4EF /* PhotoModel.swift */ = {isa = PBXFileReference; lastKnownFileType = sourcecode.swift; path = PhotoModel.swift; sourceTree = "<group>"; };
		84ED55F02AAA48C4001FE4EF /* Observable.swift */ = {isa = PBXFileReference; lastKnownFileType = sourcecode.swift; path = Observable.swift; sourceTree = "<group>"; };
		84ED55F22AAA54FC001FE4EF /* PhotoCollectionViewCell.swift */ = {isa = PBXFileReference; lastKnownFileType = sourcecode.swift; path = PhotoCollectionViewCell.swift; sourceTree = "<group>"; };
		84ED55FD2AAA7D56001FE4EF /* PhotoBrowseViewController.swift */ = {isa = PBXFileReference; lastKnownFileType = sourcecode.swift; path = PhotoBrowseViewController.swift; sourceTree = "<group>"; };
		84ED55FF2AAA7DAF001FE4EF /* PhotoBrowseViewModel.swift */ = {isa = PBXFileReference; lastKnownFileType = sourcecode.swift; path = PhotoBrowseViewModel.swift; sourceTree = "<group>"; };
		84ED56032AAA7F9F001FE4EF /* PhotoBrowseCoordinator.swift */ = {isa = PBXFileReference; lastKnownFileType = sourcecode.swift; path = PhotoBrowseCoordinator.swift; sourceTree = "<group>"; };
/* End PBXFileReference section */

/* Begin PBXFrameworksBuildPhase section */
		84ED55CA2AAA3520001FE4EF /* Frameworks */ = {
			isa = PBXFrameworksBuildPhase;
			buildActionMask = 2147483647;
			files = (
				84ED55F62AAA55A7001FE4EF /* SnapKit in Frameworks */,
			);
			runOnlyForDeploymentPostprocessing = 0;
		};
/* End PBXFrameworksBuildPhase section */

/* Begin PBXGroup section */
		84ED55C42AAA3520001FE4EF = {
			isa = PBXGroup;
			children = (
				84ED55CF2AAA3520001FE4EF /* PhotoViewer */,
				84ED55CE2AAA3520001FE4EF /* Products */,
			);
			sourceTree = "<group>";
		};
		84ED55CE2AAA3520001FE4EF /* Products */ = {
			isa = PBXGroup;
			children = (
				84ED55CD2AAA3520001FE4EF /* PhotoViewer.app */,
			);
			name = Products;
			sourceTree = "<group>";
		};
		84ED55CF2AAA3520001FE4EF /* PhotoViewer */ = {
			isa = PBXGroup;
			children = (
				84ED55D02AAA3520001FE4EF /* AppDelegate.swift */,
				84ED55D22AAA3520001FE4EF /* SceneDelegate.swift */,
				84ED56022AAA7E2D001FE4EF /* Support */,
				84ED55F82AAA7B81001FE4EF /* Services */,
				84ED56012AAA7DFF001FE4EF /* Model */,
				84ED55F72AAA7B64001FE4EF /* Coordinators */,
				84ED55F92AAA7B8D001FE4EF /* Scenes */,
				84ED55D92AAA3521001FE4EF /* Assets.xcassets */,
				84ED55DE2AAA3521001FE4EF /* Info.plist */,
			);
			path = PhotoViewer;
			sourceTree = "<group>";
		};
		84ED55F72AAA7B64001FE4EF /* Coordinators */ = {
			isa = PBXGroup;
			children = (
				84ED55E42AAA356E001FE4EF /* AppCoordinator.swift */,
				84ED55E62AAA36AE001FE4EF /* PhotoGalleryCoordinator.swift */,
				84ED56032AAA7F9F001FE4EF /* PhotoBrowseCoordinator.swift */,
			);
			path = Coordinators;
			sourceTree = "<group>";
		};
		84ED55F82AAA7B81001FE4EF /* Services */ = {
			isa = PBXGroup;
			children = (
				84ED55EA2AAA3B7F001FE4EF /* NetworkService.swift */,
			);
			path = Services;
			sourceTree = "<group>";
		};
		84ED55F92AAA7B8D001FE4EF /* Scenes */ = {
			isa = PBXGroup;
			children = (
				84ED55FA2AAA7B9C001FE4EF /* PhotoGallery */,
				84ED55FC2AAA7C86001FE4EF /* PhotoBrowse */,
			);
			path = Scenes;
			sourceTree = "<group>";
		};
		84ED55FA2AAA7B9C001FE4EF /* PhotoGallery */ = {
			isa = PBXGroup;
			children = (
				84ED55D42AAA3520001FE4EF /* PhotoGalleryViewController.swift */,
				84ED55E82AAA3B3E001FE4EF /* PhotoGalleryViewModel.swift */,
				84ED55FB2AAA7C45001FE4EF /* Cell */,
			);
			path = PhotoGallery;
			sourceTree = "<group>";
		};
		84ED55FB2AAA7C45001FE4EF /* Cell */ = {
			isa = PBXGroup;
			children = (
				84ED55F22AAA54FC001FE4EF /* PhotoCollectionViewCell.swift */,
			);
			path = Cell;
			sourceTree = "<group>";
		};
		84ED55FC2AAA7C86001FE4EF /* PhotoBrowse */ = {
			isa = PBXGroup;
			children = (
				84ED55FD2AAA7D56001FE4EF /* PhotoBrowseViewController.swift */,
				84ED55FF2AAA7DAF001FE4EF /* PhotoBrowseViewModel.swift */,
			);
			path = PhotoBrowse;
			sourceTree = "<group>";
		};
		84ED56012AAA7DFF001FE4EF /* Model */ = {
			isa = PBXGroup;
			children = (
				84ED55EC2AAA3C2F001FE4EF /* PhotoModel.swift */,
			);
			path = Model;
			sourceTree = "<group>";
		};
		84ED56022AAA7E2D001FE4EF /* Support */ = {
			isa = PBXGroup;
			children = (
				84ED55F02AAA48C4001FE4EF /* Observable.swift */,
			);
			path = Support;
			sourceTree = "<group>";
		};
/* End PBXGroup section */

/* Begin PBXNativeTarget section */
		84ED55CC2AAA3520001FE4EF /* PhotoViewer */ = {
			isa = PBXNativeTarget;
			buildConfigurationList = 84ED55E12AAA3521001FE4EF /* Build configuration list for PBXNativeTarget "PhotoViewer" */;
			buildPhases = (
				84ED55C92AAA3520001FE4EF /* Sources */,
				84ED55CA2AAA3520001FE4EF /* Frameworks */,
				84ED55CB2AAA3520001FE4EF /* Resources */,
			);
			buildRules = (
			);
			dependencies = (
			);
			name = PhotoViewer;
			packageProductDependencies = (
				84ED55F52AAA55A7001FE4EF /* SnapKit */,
			);
			productName = PhotoViewer;
			productReference = 84ED55CD2AAA3520001FE4EF /* PhotoViewer.app */;
			productType = "com.apple.product-type.application";
		};
/* End PBXNativeTarget section */

/* Begin PBXProject section */
		84ED55C52AAA3520001FE4EF /* Project object */ = {
			isa = PBXProject;
			attributes = {
				BuildIndependentTargetsInParallel = 1;
				LastSwiftUpdateCheck = 1430;
				LastUpgradeCheck = 1430;
				TargetAttributes = {
					84ED55CC2AAA3520001FE4EF = {
						CreatedOnToolsVersion = 14.3.1;
					};
				};
			};
			buildConfigurationList = 84ED55C82AAA3520001FE4EF /* Build configuration list for PBXProject "PhotoViewer" */;
			compatibilityVersion = "Xcode 14.0";
			developmentRegion = en;
			hasScannedForEncodings = 0;
			knownRegions = (
				en,
				Base,
			);
			mainGroup = 84ED55C42AAA3520001FE4EF;
			packageReferences = (
				84ED55F42AAA55A7001FE4EF /* XCRemoteSwiftPackageReference "SnapKit" */,
			);
			productRefGroup = 84ED55CE2AAA3520001FE4EF /* Products */;
			projectDirPath = "";
			projectRoot = "";
			targets = (
				84ED55CC2AAA3520001FE4EF /* PhotoViewer */,
			);
		};
/* End PBXProject section */

/* Begin PBXResourcesBuildPhase section */
		84ED55CB2AAA3520001FE4EF /* Resources */ = {
			isa = PBXResourcesBuildPhase;
			buildActionMask = 2147483647;
			files = (
				84ED55DA2AAA3521001FE4EF /* Assets.xcassets in Resources */,
			);
			runOnlyForDeploymentPostprocessing = 0;
		};
/* End PBXResourcesBuildPhase section */

/* Begin PBXSourcesBuildPhase section */
		84ED55C92AAA3520001FE4EF /* Sources */ = {
			isa = PBXSourcesBuildPhase;
			buildActionMask = 2147483647;
			files = (
				84ED55E52AAA356E001FE4EF /* AppCoordinator.swift in Sources */,
				84ED55F32AAA54FC001FE4EF /* PhotoCollectionViewCell.swift in Sources */,
				84ED55E72AAA36AE001FE4EF /* PhotoGalleryCoordinator.swift in Sources */,
				84ED55D52AAA3520001FE4EF /* PhotoGalleryViewController.swift in Sources */,
				84ED56042AAA7F9F001FE4EF /* PhotoBrowseCoordinator.swift in Sources */,
				84ED55FE2AAA7D56001FE4EF /* PhotoBrowseViewController.swift in Sources */,
				84ED56002AAA7DAF001FE4EF /* PhotoBrowseViewModel.swift in Sources */,
				84ED55D12AAA3520001FE4EF /* AppDelegate.swift in Sources */,
				84ED55F12AAA48C4001FE4EF /* Observable.swift in Sources */,
				84ED55E92AAA3B3E001FE4EF /* PhotoGalleryViewModel.swift in Sources */,
				84ED55D32AAA3520001FE4EF /* SceneDelegate.swift in Sources */,
				84ED55ED2AAA3C2F001FE4EF /* PhotoModel.swift in Sources */,
				84ED55EB2AAA3B7F001FE4EF /* NetworkService.swift in Sources */,
			);
			runOnlyForDeploymentPostprocessing = 0;
		};
/* End PBXSourcesBuildPhase section */

/* Begin XCBuildConfiguration section */
		84ED55DF2AAA3521001FE4EF /* Debug */ = {
			isa = XCBuildConfiguration;
			buildSettings = {
				ALWAYS_SEARCH_USER_PATHS = NO;
				CLANG_ANALYZER_NONNULL = YES;
				CLANG_ANALYZER_NUMBER_OBJECT_CONVERSION = YES_AGGRESSIVE;
				CLANG_CXX_LANGUAGE_STANDARD = "gnu++20";
				CLANG_ENABLE_MODULES = YES;
				CLANG_ENABLE_OBJC_ARC = YES;
				CLANG_ENABLE_OBJC_WEAK = YES;
				CLANG_WARN_BLOCK_CAPTURE_AUTORELEASING = YES;
				CLANG_WARN_BOOL_CONVERSION = YES;
				CLANG_WARN_COMMA = YES;
				CLANG_WARN_CONSTANT_CONVERSION = YES;
				CLANG_WARN_DEPRECATED_OBJC_IMPLEMENTATIONS = YES;
				CLANG_WARN_DIRECT_OBJC_ISA_USAGE = YES_ERROR;
				CLANG_WARN_DOCUMENTATION_COMMENTS = YES;
				CLANG_WARN_EMPTY_BODY = YES;
				CLANG_WARN_ENUM_CONVERSION = YES;
				CLANG_WARN_INFINITE_RECURSION = YES;
				CLANG_WARN_INT_CONVERSION = YES;
				CLANG_WARN_NON_LITERAL_NULL_CONVERSION = YES;
				CLANG_WARN_OBJC_IMPLICIT_RETAIN_SELF = YES;
				CLANG_WARN_OBJC_LITERAL_CONVERSION = YES;
				CLANG_WARN_OBJC_ROOT_CLASS = YES_ERROR;
				CLANG_WARN_QUOTED_INCLUDE_IN_FRAMEWORK_HEADER = YES;
				CLANG_WARN_RANGE_LOOP_ANALYSIS = YES;
				CLANG_WARN_STRICT_PROTOTYPES = YES;
				CLANG_WARN_SUSPICIOUS_MOVE = YES;
				CLANG_WARN_UNGUARDED_AVAILABILITY = YES_AGGRESSIVE;
				CLANG_WARN_UNREACHABLE_CODE = YES;
				CLANG_WARN__DUPLICATE_METHOD_MATCH = YES;
				COPY_PHASE_STRIP = NO;
				DEBUG_INFORMATION_FORMAT = dwarf;
				ENABLE_STRICT_OBJC_MSGSEND = YES;
				ENABLE_TESTABILITY = YES;
				GCC_C_LANGUAGE_STANDARD = gnu11;
				GCC_DYNAMIC_NO_PIC = NO;
				GCC_NO_COMMON_BLOCKS = YES;
				GCC_OPTIMIZATION_LEVEL = 0;
				GCC_PREPROCESSOR_DEFINITIONS = (
					"DEBUG=1",
					"$(inherited)",
				);
				GCC_WARN_64_TO_32_BIT_CONVERSION = YES;
				GCC_WARN_ABOUT_RETURN_TYPE = YES_ERROR;
				GCC_WARN_UNDECLARED_SELECTOR = YES;
				GCC_WARN_UNINITIALIZED_AUTOS = YES_AGGRESSIVE;
				GCC_WARN_UNUSED_FUNCTION = YES;
				GCC_WARN_UNUSED_VARIABLE = YES;
				IPHONEOS_DEPLOYMENT_TARGET = 16.4;
				MTL_ENABLE_DEBUG_INFO = INCLUDE_SOURCE;
				MTL_FAST_MATH = YES;
				ONLY_ACTIVE_ARCH = YES;
				SDKROOT = iphoneos;
				SWIFT_ACTIVE_COMPILATION_CONDITIONS = DEBUG;
				SWIFT_OPTIMIZATION_LEVEL = "-Onone";
			};
			name = Debug;
		};
		84ED55E02AAA3521001FE4EF /* Release */ = {
			isa = XCBuildConfiguration;
			buildSettings = {
				ALWAYS_SEARCH_USER_PATHS = NO;
				CLANG_ANALYZER_NONNULL = YES;
				CLANG_ANALYZER_NUMBER_OBJECT_CONVERSION = YES_AGGRESSIVE;
				CLANG_CXX_LANGUAGE_STANDARD = "gnu++20";
				CLANG_ENABLE_MODULES = YES;
				CLANG_ENABLE_OBJC_ARC = YES;
				CLANG_ENABLE_OBJC_WEAK = YES;
				CLANG_WARN_BLOCK_CAPTURE_AUTORELEASING = YES;
				CLANG_WARN_BOOL_CONVERSION = YES;
				CLANG_WARN_COMMA = YES;
				CLANG_WARN_CONSTANT_CONVERSION = YES;
				CLANG_WARN_DEPRECATED_OBJC_IMPLEMENTATIONS = YES;
				CLANG_WARN_DIRECT_OBJC_ISA_USAGE = YES_ERROR;
				CLANG_WARN_DOCUMENTATION_COMMENTS = YES;
				CLANG_WARN_EMPTY_BODY = YES;
				CLANG_WARN_ENUM_CONVERSION = YES;
				CLANG_WARN_INFINITE_RECURSION = YES;
				CLANG_WARN_INT_CONVERSION = YES;
				CLANG_WARN_NON_LITERAL_NULL_CONVERSION = YES;
				CLANG_WARN_OBJC_IMPLICIT_RETAIN_SELF = YES;
				CLANG_WARN_OBJC_LITERAL_CONVERSION = YES;
				CLANG_WARN_OBJC_ROOT_CLASS = YES_ERROR;
				CLANG_WARN_QUOTED_INCLUDE_IN_FRAMEWORK_HEADER = YES;
				CLANG_WARN_RANGE_LOOP_ANALYSIS = YES;
				CLANG_WARN_STRICT_PROTOTYPES = YES;
				CLANG_WARN_SUSPICIOUS_MOVE = YES;
				CLANG_WARN_UNGUARDED_AVAILABILITY = YES_AGGRESSIVE;
				CLANG_WARN_UNREACHABLE_CODE = YES;
				CLANG_WARN__DUPLICATE_METHOD_MATCH = YES;
				COPY_PHASE_STRIP = NO;
				DEBUG_INFORMATION_FORMAT = "dwarf-with-dsym";
				ENABLE_NS_ASSERTIONS = NO;
				ENABLE_STRICT_OBJC_MSGSEND = YES;
				GCC_C_LANGUAGE_STANDARD = gnu11;
				GCC_NO_COMMON_BLOCKS = YES;
				GCC_WARN_64_TO_32_BIT_CONVERSION = YES;
				GCC_WARN_ABOUT_RETURN_TYPE = YES_ERROR;
				GCC_WARN_UNDECLARED_SELECTOR = YES;
				GCC_WARN_UNINITIALIZED_AUTOS = YES_AGGRESSIVE;
				GCC_WARN_UNUSED_FUNCTION = YES;
				GCC_WARN_UNUSED_VARIABLE = YES;
				IPHONEOS_DEPLOYMENT_TARGET = 16.4;
				MTL_ENABLE_DEBUG_INFO = NO;
				MTL_FAST_MATH = YES;
				SDKROOT = iphoneos;
				SWIFT_COMPILATION_MODE = wholemodule;
				SWIFT_OPTIMIZATION_LEVEL = "-O";
				VALIDATE_PRODUCT = YES;
			};
			name = Release;
		};
		84ED55E22AAA3521001FE4EF /* Debug */ = {
			isa = XCBuildConfiguration;
			buildSettings = {
				ASSETCATALOG_COMPILER_APPICON_NAME = AppIcon;
				ASSETCATALOG_COMPILER_GLOBAL_ACCENT_COLOR_NAME = AccentColor;
				CODE_SIGN_STYLE = Automatic;
				CURRENT_PROJECT_VERSION = 1;
				GENERATE_INFOPLIST_FILE = YES;
				INFOPLIST_FILE = PhotoViewer/Info.plist;
				INFOPLIST_KEY_UIApplicationSupportsIndirectInputEvents = YES;
				INFOPLIST_KEY_UILaunchStoryboardName = LaunchScreen;
				INFOPLIST_KEY_UISupportedInterfaceOrientations_iPad = "UIInterfaceOrientationPortrait UIInterfaceOrientationPortraitUpsideDown UIInterfaceOrientationLandscapeLeft UIInterfaceOrientationLandscapeRight";
				INFOPLIST_KEY_UISupportedInterfaceOrientations_iPhone = "UIInterfaceOrientationPortrait UIInterfaceOrientationLandscapeLeft UIInterfaceOrientationLandscapeRight";
				LD_RUNPATH_SEARCH_PATHS = (
					"$(inherited)",
					"@executable_path/Frameworks",
				);
				MARKETING_VERSION = 1.0;
				PRODUCT_BUNDLE_IDENTIFIER = Maxim.Startsev.PhotoViewer;
				PRODUCT_NAME = "$(TARGET_NAME)";
				SWIFT_EMIT_LOC_STRINGS = YES;
				SWIFT_VERSION = 5.0;
				TARGETED_DEVICE_FAMILY = "1,2";
			};
			name = Debug;
		};
		84ED55E32AAA3521001FE4EF /* Release */ = {
			isa = XCBuildConfiguration;
			buildSettings = {
				ASSETCATALOG_COMPILER_APPICON_NAME = AppIcon;
				ASSETCATALOG_COMPILER_GLOBAL_ACCENT_COLOR_NAME = AccentColor;
				CODE_SIGN_STYLE = Automatic;
				CURRENT_PROJECT_VERSION = 1;
				GENERATE_INFOPLIST_FILE = YES;
				INFOPLIST_FILE = PhotoViewer/Info.plist;
				INFOPLIST_KEY_UIApplicationSupportsIndirectInputEvents = YES;
				INFOPLIST_KEY_UILaunchStoryboardName = LaunchScreen;
				INFOPLIST_KEY_UISupportedInterfaceOrientations_iPad = "UIInterfaceOrientationPortrait UIInterfaceOrientationPortraitUpsideDown UIInterfaceOrientationLandscapeLeft UIInterfaceOrientationLandscapeRight";
				INFOPLIST_KEY_UISupportedInterfaceOrientations_iPhone = "UIInterfaceOrientationPortrait UIInterfaceOrientationLandscapeLeft UIInterfaceOrientationLandscapeRight";
				LD_RUNPATH_SEARCH_PATHS = (
					"$(inherited)",
					"@executable_path/Frameworks",
				);
				MARKETING_VERSION = 1.0;
				PRODUCT_BUNDLE_IDENTIFIER = Maxim.Startsev.PhotoViewer;
				PRODUCT_NAME = "$(TARGET_NAME)";
				SWIFT_EMIT_LOC_STRINGS = YES;
				SWIFT_VERSION = 5.0;
				TARGETED_DEVICE_FAMILY = "1,2";
			};
			name = Release;
		};
/* End XCBuildConfiguration section */

/* Begin XCConfigurationList section */
		84ED55C82AAA3520001FE4EF /* Build configuration list for PBXProject "PhotoViewer" */ = {
			isa = XCConfigurationList;
			buildConfigurations = (
				84ED55DF2AAA3521001FE4EF /* Debug */,
				84ED55E02AAA3521001FE4EF /* Release */,
			);
			defaultConfigurationIsVisible = 0;
			defaultConfigurationName = Release;
		};
		84ED55E12AAA3521001FE4EF /* Build configuration list for PBXNativeTarget "PhotoViewer" */ = {
			isa = XCConfigurationList;
			buildConfigurations = (
				84ED55E22AAA3521001FE4EF /* Debug */,
				84ED55E32AAA3521001FE4EF /* Release */,
			);
			defaultConfigurationIsVisible = 0;
			defaultConfigurationName = Release;
		};
/* End XCConfigurationList section */

/* Begin XCRemoteSwiftPackageReference section */
		84ED55F42AAA55A7001FE4EF /* XCRemoteSwiftPackageReference "SnapKit" */ = {
			isa = XCRemoteSwiftPackageReference;
			repositoryURL = "https://github.com/SnapKit/SnapKit.git";
			requirement = {
				kind = upToNextMajorVersion;
				minimumVersion = 5.0.0;
			};
		};
/* End XCRemoteSwiftPackageReference section */

/* Begin XCSwiftPackageProductDependency section */
		84ED55F52AAA55A7001FE4EF /* SnapKit */ = {
			isa = XCSwiftPackageProductDependency;
			package = 84ED55F42AAA55A7001FE4EF /* XCRemoteSwiftPackageReference "SnapKit" */;
			productName = SnapKit;
		};
/* End XCSwiftPackageProductDependency section */
	};
	rootObject = 84ED55C52AAA3520001FE4EF /* Project object */;
}
